
Microsoft Visual Studio Solution File, Format Version 12.00
# Visual Studio Version 17
VisualStudioVersion = 17.10.35027.167
MinimumVisualStudioVersion = 10.0.40219.1
Project("{2150E333-8FDC-42A3-9474-1A3956D46DE8}") = "Solution Items", "Solution Items", "{E13F491D-01A4-4586-9D6C-C2B2150ACB65}"
	ProjectSection(SolutionItems) = preProject
		.gitattributes = .gitattributes
		.gitignore = .gitignore
		Alethic.Auth0.Operator.dist.msbuildproj = Alethic.Auth0.Operator.dist.msbuildproj
		.github\workflows\Alethic.Auth0.Operator.yml = .github\workflows\Alethic.Auth0.Operator.yml
		Directory.Build.props = Directory.Build.props
		Directory.Build.targets = Directory.Build.targets
		FUNDING.yml = FUNDING.yml
		GitVersion.yml = GitVersion.yml
		global.json = global.json
		LICENSE = LICENSE
		nuget.config = nuget.config
		README.md = README.md
	EndProjectSection
EndProject
Project("{2150E333-8FDC-42A3-9474-1A3956D46DE8}") = "dist", "dist", "{7701B522-47BC-421D-A489-11A20069ABFE}"
EndProject
Project("{9A19103F-16F7-4668-BE54-9A1E7A4F7556}") = "dist-tests", "src\dist-tests\dist-tests.csproj", "{0661B88F-362C-4693-B7E3-DE4AD939DC68}"
EndProject
Project("{FAE04EC0-301F-11D3-BF4B-00C04F79EFBC}") = "Alethic.Auth0.Operator", "src\Alethic.Auth0.Operator\Alethic.Auth0.Operator.csproj", "{C43A54D5-0B2C-4102-BD6D-F96951DA1D90}"
EndProject
Global
	GlobalSection(SolutionConfigurationPlatforms) = preSolution
		Debug|Any CPU = Debug|Any CPU
		Release|Any CPU = Release|Any CPU
	EndGlobalSection
	GlobalSection(ProjectConfigurationPlatforms) = postSolution
		{0661B88F-362C-4693-B7E3-DE4AD939DC68}.Debug|Any CPU.ActiveCfg = Debug|Any CPU
		{0661B88F-362C-4693-B7E3-DE4AD939DC68}.Debug|Any CPU.Build.0 = Debug|Any CPU
		{0661B88F-362C-4693-B7E3-DE4AD939DC68}.Release|Any CPU.ActiveCfg = Release|Any CPU
		{0661B88F-362C-4693-B7E3-DE4AD939DC68}.Release|Any CPU.Build.0 = Release|Any CPU
		{C43A54D5-0B2C-4102-BD6D-F96951DA1D90}.Debug|Any CPU.ActiveCfg = Debug|Any CPU
		{C43A54D5-0B2C-4102-BD6D-F96951DA1D90}.Debug|Any CPU.Build.0 = Debug|Any CPU
		{C43A54D5-0B2C-4102-BD6D-F96951DA1D90}.Release|Any CPU.ActiveCfg = Release|Any CPU
		{C43A54D5-0B2C-4102-BD6D-F96951DA1D90}.Release|Any CPU.Build.0 = Release|Any CPU
	EndGlobalSection
	GlobalSection(SolutionProperties) = preSolution
		HideSolutionNode = FALSE
	EndGlobalSection
	GlobalSection(NestedProjects) = preSolution
		{0661B88F-362C-4693-B7E3-DE4AD939DC68} = {7701B522-47BC-421D-A489-11A20069ABFE}
	EndGlobalSection
	GlobalSection(ExtensibilityGlobals) = postSolution
		SolutionGuid = {C05A34CC-36F2-4012-8B98-F097B08D7D08}
	EndGlobalSection
EndGlobal
